
Microsoft Visual Studio Solution File, Format Version 12.00
# Visual Studio Version 17
VisualStudioVersion = 17.3.32929.385
MinimumVisualStudioVersion = 10.0.40219.1
Project("{FAE04EC0-301F-11D3-BF4B-00C04F79EFBC}") = "exercise 4 - week 2", "exercise 4 - week 2\exercise 4 - week 2.csproj", "{7FEDB3B7-DDFC-407A-B094-2FE03A3328A0}"
EndProject
Global
	GlobalSection(SolutionConfigurationPlatforms) = preSolution
		Debug|Any CPU = Debug|Any CPU
		Release|Any CPU = Release|Any CPU
	EndGlobalSection
	GlobalSection(ProjectConfigurationPlatforms) = postSolution
		{7FEDB3B7-DDFC-407A-B094-2FE03A3328A0}.Debug|Any CPU.ActiveCfg = Debug|Any CPU
		{7FEDB3B7-DDFC-407A-B094-2FE03A3328A0}.Debug|Any CPU.Build.0 = Debug|Any CPU
		{7FEDB3B7-DDFC-407A-B094-2FE03A3328A0}.Release|Any CPU.ActiveCfg = Release|Any CPU
		{7FEDB3B7-DDFC-407A-B094-2FE03A3328A0}.Release|Any CPU.Build.0 = Release|Any CPU
	EndGlobalSection
	GlobalSection(SolutionProperties) = preSolution
		HideSolutionNode = FALSE
	EndGlobalSection
	GlobalSection(ExtensibilityGlobals) = postSolution
		SolutionGuid = {BD541DC6-6065-4281-BB50-EB6344980E54}
	EndGlobalSection
EndGlobal
