
Microsoft Visual Studio Solution File, Format Version 12.00
# Visual Studio Version 17
VisualStudioVersion = 17.3.32929.385
MinimumVisualStudioVersion = 10.0.40219.1
Project("{9A19103F-16F7-4668-BE54-9A1E7A4F7556}") = "BankAccountApp", "method practice\BankAccountApp.csproj", "{631FA54F-D25B-49B8-B78C-C1C6FE2A68B1}"
EndProject
Global
	GlobalSection(SolutionConfigurationPlatforms) = preSolution
		Debug|Any CPU = Debug|Any CPU
		Release|Any CPU = Release|Any CPU
	EndGlobalSection
	GlobalSection(ProjectConfigurationPlatforms) = postSolution
		{631FA54F-D25B-49B8-B78C-C1C6FE2A68B1}.Debug|Any CPU.ActiveCfg = Debug|Any CPU
		{631FA54F-D25B-49B8-B78C-C1C6FE2A68B1}.Debug|Any CPU.Build.0 = Debug|Any CPU
		{631FA54F-D25B-49B8-B78C-C1C6FE2A68B1}.Release|Any CPU.ActiveCfg = Release|Any CPU
		{631FA54F-D25B-49B8-B78C-C1C6FE2A68B1}.Release|Any CPU.Build.0 = Release|Any CPU
	EndGlobalSection
	GlobalSection(SolutionProperties) = preSolution
		HideSolutionNode = FALSE
	EndGlobalSection
	GlobalSection(ExtensibilityGlobals) = postSolution
		SolutionGuid = {B3732CA2-D06B-4E24-A1EA-B6433244616F}
	EndGlobalSection
EndGlobal
