
Microsoft Visual Studio Solution File, Format Version 12.00
# Visual Studio Version 17
VisualStudioVersion = 17.3.32929.385
MinimumVisualStudioVersion = 10.0.40219.1
Project("{FAE04EC0-301F-11D3-BF4B-00C04F79EFBC}") = "Combinatorial Logic Simulator", "Combinatorial Logic Simulator\Combinatorial Logic Simulator.csproj", "{648CE36D-37B5-4251-8C77-30FDCD5271E3}"
EndProject
Global
	GlobalSection(SolutionConfigurationPlatforms) = preSolution
		Debug|Any CPU = Debug|Any CPU
		Release|Any CPU = Release|Any CPU
	EndGlobalSection
	GlobalSection(ProjectConfigurationPlatforms) = postSolution
		{648CE36D-37B5-4251-8C77-30FDCD5271E3}.Debug|Any CPU.ActiveCfg = Debug|Any CPU
		{648CE36D-37B5-4251-8C77-30FDCD5271E3}.Debug|Any CPU.Build.0 = Debug|Any CPU
		{648CE36D-37B5-4251-8C77-30FDCD5271E3}.Release|Any CPU.ActiveCfg = Release|Any CPU
		{648CE36D-37B5-4251-8C77-30FDCD5271E3}.Release|Any CPU.Build.0 = Release|Any CPU
	EndGlobalSection
	GlobalSection(SolutionProperties) = preSolution
		HideSolutionNode = FALSE
	EndGlobalSection
	GlobalSection(ExtensibilityGlobals) = postSolution
		SolutionGuid = {26039BD5-672E-4E66-A134-7A2E0356EA1C}
	EndGlobalSection
EndGlobal
