
Microsoft Visual Studio Solution File, Format Version 12.00
# Visual Studio Version 17
VisualStudioVersion = 17.3.32929.385
MinimumVisualStudioVersion = 10.0.40219.1
Project("{FAE04EC0-301F-11D3-BF4B-00C04F79EFBC}") = "Live Test", "Live Test\Live Test.csproj", "{EEDA76BC-6537-41EB-9311-B5270F1D303F}"
EndProject
Global
	GlobalSection(SolutionConfigurationPlatforms) = preSolution
		Debug|Any CPU = Debug|Any CPU
		Release|Any CPU = Release|Any CPU
	EndGlobalSection
	GlobalSection(ProjectConfigurationPlatforms) = postSolution
		{EEDA76BC-6537-41EB-9311-B5270F1D303F}.Debug|Any CPU.ActiveCfg = Debug|Any CPU
		{EEDA76BC-6537-41EB-9311-B5270F1D303F}.Debug|Any CPU.Build.0 = Debug|Any CPU
		{EEDA76BC-6537-41EB-9311-B5270F1D303F}.Release|Any CPU.ActiveCfg = Release|Any CPU
		{EEDA76BC-6537-41EB-9311-B5270F1D303F}.Release|Any CPU.Build.0 = Release|Any CPU
	EndGlobalSection
	GlobalSection(SolutionProperties) = preSolution
		HideSolutionNode = FALSE
	EndGlobalSection
	GlobalSection(ExtensibilityGlobals) = postSolution
		SolutionGuid = {DEAFD9E1-BAA2-4422-A8DB-8E8AA074E9FC}
	EndGlobalSection
EndGlobal
