
Microsoft Visual Studio Solution File, Format Version 12.00
# Visual Studio Version 17
VisualStudioVersion = 17.4.33403.182
MinimumVisualStudioVersion = 10.0.40219.1
Project("{FAE04EC0-301F-11D3-BF4B-00C04F79EFBC}") = "Assignment 2A SEM2", "Assignment 2A SEM2\Assignment 2A SEM2.csproj", "{F3F678E1-B96A-4BE9-9DA5-E6E06C420056}"
EndProject
Global
	GlobalSection(SolutionConfigurationPlatforms) = preSolution
		Debug|Any CPU = Debug|Any CPU
		Release|Any CPU = Release|Any CPU
	EndGlobalSection
	GlobalSection(ProjectConfigurationPlatforms) = postSolution
		{F3F678E1-B96A-4BE9-9DA5-E6E06C420056}.Debug|Any CPU.ActiveCfg = Debug|Any CPU
		{F3F678E1-B96A-4BE9-9DA5-E6E06C420056}.Debug|Any CPU.Build.0 = Debug|Any CPU
		{F3F678E1-B96A-4BE9-9DA5-E6E06C420056}.Release|Any CPU.ActiveCfg = Release|Any CPU
		{F3F678E1-B96A-4BE9-9DA5-E6E06C420056}.Release|Any CPU.Build.0 = Release|Any CPU
	EndGlobalSection
	GlobalSection(SolutionProperties) = preSolution
		HideSolutionNode = FALSE
	EndGlobalSection
	GlobalSection(ExtensibilityGlobals) = postSolution
		SolutionGuid = {05DB0702-30CA-4104-8425-C3DD9C88D677}
	EndGlobalSection
EndGlobal
