
Microsoft Visual Studio Solution File, Format Version 12.00
# Visual Studio Version 17
VisualStudioVersion = 17.3.32929.385
MinimumVisualStudioVersion = 10.0.40219.1
Project("{FAE04EC0-301F-11D3-BF4B-00C04F79EFBC}") = "exercise 2 - week 2", "exercise 2 - week 2\exercise 2 - week 2.csproj", "{A9AB9048-D01F-4E18-A3BF-79697DC8AAFB}"
EndProject
Global
	GlobalSection(SolutionConfigurationPlatforms) = preSolution
		Debug|Any CPU = Debug|Any CPU
		Release|Any CPU = Release|Any CPU
	EndGlobalSection
	GlobalSection(ProjectConfigurationPlatforms) = postSolution
		{A9AB9048-D01F-4E18-A3BF-79697DC8AAFB}.Debug|Any CPU.ActiveCfg = Debug|Any CPU
		{A9AB9048-D01F-4E18-A3BF-79697DC8AAFB}.Debug|Any CPU.Build.0 = Debug|Any CPU
		{A9AB9048-D01F-4E18-A3BF-79697DC8AAFB}.Release|Any CPU.ActiveCfg = Release|Any CPU
		{A9AB9048-D01F-4E18-A3BF-79697DC8AAFB}.Release|Any CPU.Build.0 = Release|Any CPU
	EndGlobalSection
	GlobalSection(SolutionProperties) = preSolution
		HideSolutionNode = FALSE
	EndGlobalSection
	GlobalSection(ExtensibilityGlobals) = postSolution
		SolutionGuid = {8DDDE22D-B7CC-472C-9612-C66497BC7B1E}
	EndGlobalSection
EndGlobal
