
Microsoft Visual Studio Solution File, Format Version 12.00
# Visual Studio Version 17
VisualStudioVersion = 17.3.32929.385
MinimumVisualStudioVersion = 10.0.40219.1
Project("{FAE04EC0-301F-11D3-BF4B-00C04F79EFBC}") = "Inheritance Test", "Inheritance Test\Inheritance Test.csproj", "{2BAACB20-9BA4-469B-9ABD-F6A0C5AE49A9}"
EndProject
Global
	GlobalSection(SolutionConfigurationPlatforms) = preSolution
		Debug|Any CPU = Debug|Any CPU
		Release|Any CPU = Release|Any CPU
	EndGlobalSection
	GlobalSection(ProjectConfigurationPlatforms) = postSolution
		{2BAACB20-9BA4-469B-9ABD-F6A0C5AE49A9}.Debug|Any CPU.ActiveCfg = Debug|Any CPU
		{2BAACB20-9BA4-469B-9ABD-F6A0C5AE49A9}.Debug|Any CPU.Build.0 = Debug|Any CPU
		{2BAACB20-9BA4-469B-9ABD-F6A0C5AE49A9}.Release|Any CPU.ActiveCfg = Release|Any CPU
		{2BAACB20-9BA4-469B-9ABD-F6A0C5AE49A9}.Release|Any CPU.Build.0 = Release|Any CPU
	EndGlobalSection
	GlobalSection(SolutionProperties) = preSolution
		HideSolutionNode = FALSE
	EndGlobalSection
	GlobalSection(ExtensibilityGlobals) = postSolution
		SolutionGuid = {A4DEFCD5-89BF-4695-B473-AA0551F17E8C}
	EndGlobalSection
EndGlobal
